
Microsoft Visual Studio Solution File, Format Version 12.00
# Visual Studio Version 17
VisualStudioVersion = 17.1.32414.318
MinimumVisualStudioVersion = 10.0.40219.1
Project("{9A19103F-16F7-4668-BE54-9A1E7A4F7556}") = "CiscoEndpointCertificateDeployer", "CiscoEndpointCertificateDeployer\CiscoEndpointCertificateDeployer.csproj", "{3B2E65E0-F987-4778-9C80-65AE3067DC92}"
EndProject
Project("{9A19103F-16F7-4668-BE54-9A1E7A4F7556}") = "Tests", "Tests\Tests.csproj", "{A4AE5AF1-5CA7-45AD-8931-C2A4320A0B44}"
EndProject
Global
	GlobalSection(SolutionConfigurationPlatforms) = preSolution
		Debug|Any CPU = Debug|Any CPU
		Release|Any CPU = Release|Any CPU
	EndGlobalSection
	GlobalSection(ProjectConfigurationPlatforms) = postSolution
		{3B2E65E0-F987-4778-9C80-65AE3067DC92}.Debug|Any CPU.ActiveCfg = Debug|Any CPU
		{3B2E65E0-F987-4778-9C80-65AE3067DC92}.Debug|Any CPU.Build.0 = Debug|Any CPU
		{3B2E65E0-F987-4778-9C80-65AE3067DC92}.Release|Any CPU.ActiveCfg = Release|Any CPU
		{3B2E65E0-F987-4778-9C80-65AE3067DC92}.Release|Any CPU.Build.0 = Release|Any CPU
		{A4AE5AF1-5CA7-45AD-8931-C2A4320A0B44}.Debug|Any CPU.ActiveCfg = Debug|Any CPU
		{A4AE5AF1-5CA7-45AD-8931-C2A4320A0B44}.Debug|Any CPU.Build.0 = Debug|Any CPU
		{A4AE5AF1-5CA7-45AD-8931-C2A4320A0B44}.Release|Any CPU.ActiveCfg = Release|Any CPU
		{A4AE5AF1-5CA7-45AD-8931-C2A4320A0B44}.Release|Any CPU.Build.0 = Release|Any CPU
	EndGlobalSection
	GlobalSection(SolutionProperties) = preSolution
		HideSolutionNode = FALSE
	EndGlobalSection
	GlobalSection(ExtensibilityGlobals) = postSolution
		SolutionGuid = {F3CB53F9-6352-402F-9A26-19593BD08CC1}
	EndGlobalSection
EndGlobal
