{
  "version": 1,
  "dependencies": {
    "net7.0": {
      "AngleSharp": {
        "type": "Direct",
        "requested": "[1.0.4, )",
        "resolved": "1.0.4",
        "contentHash": "G8R4C2MEDFQvjUbYz1QIcGfibjsTJnzP0aWy8iQgWWk7eKacYydCNGD3JMhVL0Q5pZQ9RYlqpKNESEU5NpqsRw==",
        "dependencies": {
          "System.Text.Encoding.CodePages": "7.0.0"
        }
      },
      "McMaster.Extensions.CommandLineUtils": {
        "type": "Direct",
        "requested": "[4.0.2, )",
        "resolved": "4.0.2",
        "contentHash": "/M/p9fPUfu1dtIa+/xJS3hdp4aNIVr3c0reLFP4ZKo1vZy1sXeWeyaSapoVk8dmT79OxJTpLUGDdv0ReBd8d8A==",
        "dependencies": {
          "System.ComponentModel.Annotations": "5.0.0"
        }
      },
      "Octokit": {
        "type": "Direct",
        "requested": "[7.0.1, )",
        "resolved": "7.0.1",
        "contentHash": "LS0xXFj94I1RL/m54ris9Yp5A8qCoJ2WyLOggSld6z9qH6B2JKoEwdizzqIRPPBQQ2Y2HvRXNYo8ZSPcx6emEA=="
      },
      "System.ComponentModel.Annotations": {
        "type": "Transitive",
        "resolved": "5.0.0",
        "contentHash": "dMkqfy2el8A8/I76n2Hi1oBFEbG1SfxD2l5nhwXV3XjlnOmwxJlQbYpJH4W51odnU9sARCSAgv7S3CyAFMkpYg=="
      },
      "System.Text.Encoding.CodePages": {
        "type": "Transitive",
        "resolved": "7.0.0",
        "contentHash": "LSyCblMpvOe0N3E+8e0skHcrIhgV2huaNcjUUEa8hRtgEAm36aGkRoC8Jxlb6Ra6GSfF29ftduPNywin8XolzQ=="
      }
    },
    "net7.0/win10-x64": {
      "System.Text.Encoding.CodePages": {
        "type": "Transitive",
        "resolved": "7.0.0",
        "contentHash": "LSyCblMpvOe0N3E+8e0skHcrIhgV2huaNcjUUEa8hRtgEAm36aGkRoC8Jxlb6Ra6GSfF29ftduPNywin8XolzQ=="
      }
    }
  }
}