{
  "version": 1,
  "dependencies": {
    "net8.0": {
      "SSH.NET": {
        "type": "Direct",
        "requested": "[2024.1.0, )",
        "resolved": "2024.1.0",
        "contentHash": "pyOea9czgC+OwMoetuWtMuwRebOyskKkqTZtODgyEZ5K6JwV+Hh/GFiyYubl93YnEvmvNZeuyWyUDsb3LvBDYA=="
      }
    },
    "net8.0/win-x64": {}
  }
}